
Microsoft Visual Studio Solution File, Format Version 12.00
# Visual Studio 16
Project("{FAE04EC0-301F-11D3-BF4B-00C04F79EFBC}") = "Assembly-CSharp", "Assembly-CSharp.csproj", "{0C9AB7FB-7DE5-9747-1690-AFFBE47F8CFF}"
EndProject
Project("{FAE04EC0-301F-11D3-BF4B-00C04F79EFBC}") = "Assembly-CSharp-firstpass", "Assembly-CSharp-firstpass.csproj", "{4C1AAB2F-4794-00DA-89D4-9280AE0E9B63}"
EndProject
Project("{FAE04EC0-301F-11D3-BF4B-00C04F79EFBC}") = "Assembly-CSharp-Editor-firstpass", "Assembly-CSharp-Editor-firstpass.csproj", "{499E9E8A-71DF-0A90-53E4-96E3AC636154}"
EndProject
Global
	GlobalSection(SolutionConfigurationPlatforms) = preSolution
		Debug|Any CPU = Debug|Any CPU
		Release|Any CPU = Release|Any CPU
	EndGlobalSection
	GlobalSection(ProjectConfigurationPlatforms) = postSolution
		{0C9AB7FB-7DE5-9747-1690-AFFBE47F8CFF}.Debug|Any CPU.ActiveCfg = Debug|Any CPU
		{0C9AB7FB-7DE5-9747-1690-AFFBE47F8CFF}.Debug|Any CPU.Build.0 = Debug|Any CPU
		{0C9AB7FB-7DE5-9747-1690-AFFBE47F8CFF}.Release|Any CPU.ActiveCfg = Release|Any CPU
		{0C9AB7FB-7DE5-9747-1690-AFFBE47F8CFF}.Release|Any CPU.Build.0 = Release|Any CPU
		{4C1AAB2F-4794-00DA-89D4-9280AE0E9B63}.Debug|Any CPU.ActiveCfg = Debug|Any CPU
		{4C1AAB2F-4794-00DA-89D4-9280AE0E9B63}.Debug|Any CPU.Build.0 = Debug|Any CPU
		{4C1AAB2F-4794-00DA-89D4-9280AE0E9B63}.Release|Any CPU.ActiveCfg = Release|Any CPU
		{4C1AAB2F-4794-00DA-89D4-9280AE0E9B63}.Release|Any CPU.Build.0 = Release|Any CPU
		{499E9E8A-71DF-0A90-53E4-96E3AC636154}.Debug|Any CPU.ActiveCfg = Debug|Any CPU
		{499E9E8A-71DF-0A90-53E4-96E3AC636154}.Debug|Any CPU.Build.0 = Debug|Any CPU
		{499E9E8A-71DF-0A90-53E4-96E3AC636154}.Release|Any CPU.ActiveCfg = Release|Any CPU
		{499E9E8A-71DF-0A90-53E4-96E3AC636154}.Release|Any CPU.Build.0 = Release|Any CPU
	EndGlobalSection
	GlobalSection(SolutionProperties) = preSolution
		HideSolutionNode = FALSE
	EndGlobalSection
EndGlobal
